
Microsoft Visual Studio Solution File, Format Version 12.00
# Visual Studio Version 17
VisualStudioVersion = 17.1.32421.90
MinimumVisualStudioVersion = 10.0.40219.1
Project("{9A19103F-16F7-4668-BE54-9A1E7A4F7556}") = "CredentialManager", "src\CredentialManager\CredentialManager.csproj", "{141A5D74-1821-41CB-831A-0CDCD469E4AE}"
EndProject
Project("{2150E333-8FDC-42A3-9474-1A3956D46DE8}") = "Solution Items", "Solution Items", "{4ADFF2CE-47A9-4EA0-BCCF-8DE99D250051}"
	ProjectSection(SolutionItems) = preProject
		.editorconfig = .editorconfig
		.netconfig = .netconfig
		.github\workflows\build.yml = .github\workflows\build.yml
		src\NuGetize.targets = src\NuGetize.targets
		.github\workflows\publish.yml = .github\workflows\publish.yml
		readme.md = readme.md
	EndProjectSection
EndProject
Project("{9A19103F-16F7-4668-BE54-9A1E7A4F7556}") = "Core", "external\gcm\src\shared\Core\Core.csproj", "{2C33ECFD-A104-4E14-85E2-B387466C875B}"
EndProject
Project("{9A19103F-16F7-4668-BE54-9A1E7A4F7556}") = "CodeAnalysis", "src\Analyzer\CodeAnalysis.csproj", "{47DE5EE9-22A7-4D23-A50E-0724A900D290}"
EndProject
Global
	GlobalSection(SolutionConfigurationPlatforms) = preSolution
		Debug|Any CPU = Debug|Any CPU
		Release|Any CPU = Release|Any CPU
	EndGlobalSection
	GlobalSection(ProjectConfigurationPlatforms) = postSolution
		{141A5D74-1821-41CB-831A-0CDCD469E4AE}.Debug|Any CPU.ActiveCfg = Debug|Any CPU
		{141A5D74-1821-41CB-831A-0CDCD469E4AE}.Debug|Any CPU.Build.0 = Debug|Any CPU
		{141A5D74-1821-41CB-831A-0CDCD469E4AE}.Release|Any CPU.ActiveCfg = Release|Any CPU
		{141A5D74-1821-41CB-831A-0CDCD469E4AE}.Release|Any CPU.Build.0 = Release|Any CPU
		{2C33ECFD-A104-4E14-85E2-B387466C875B}.Debug|Any CPU.ActiveCfg = Debug|Any CPU
		{2C33ECFD-A104-4E14-85E2-B387466C875B}.Debug|Any CPU.Build.0 = Debug|Any CPU
		{2C33ECFD-A104-4E14-85E2-B387466C875B}.Release|Any CPU.ActiveCfg = Release|Any CPU
		{2C33ECFD-A104-4E14-85E2-B387466C875B}.Release|Any CPU.Build.0 = Release|Any CPU
		{47DE5EE9-22A7-4D23-A50E-0724A900D290}.Debug|Any CPU.ActiveCfg = Debug|Any CPU
		{47DE5EE9-22A7-4D23-A50E-0724A900D290}.Debug|Any CPU.Build.0 = Debug|Any CPU
		{47DE5EE9-22A7-4D23-A50E-0724A900D290}.Release|Any CPU.ActiveCfg = Release|Any CPU
		{47DE5EE9-22A7-4D23-A50E-0724A900D290}.Release|Any CPU.Build.0 = Release|Any CPU
	EndGlobalSection
	GlobalSection(SolutionProperties) = preSolution
		HideSolutionNode = FALSE
	EndGlobalSection
	GlobalSection(ExtensibilityGlobals) = postSolution
		SolutionGuid = {9553CCFA-953D-400C-BE44-25CA2B8E0F31}
	EndGlobalSection
EndGlobal
